
Microsoft Visual Studio Solution File, Format Version 12.00
# Visual Studio Version 17
VisualStudioVersion = 17.3.32819.101
MinimumVisualStudioVersion = 10.0.40219.1
Project("{FAE04EC0-301F-11D3-BF4B-00C04F79EFBC}") = "ÜRETİM", "ÜRETİM\ÜRETİM.csproj", "{568305FC-2CFA-4891-A2F2-99906A080B9E}"
EndProject
Global
	GlobalSection(SolutionConfigurationPlatforms) = preSolution
		Debug|Any CPU = Debug|Any CPU
		Release|Any CPU = Release|Any CPU
	EndGlobalSection
	GlobalSection(ProjectConfigurationPlatforms) = postSolution
		{568305FC-2CFA-4891-A2F2-99906A080B9E}.Debug|Any CPU.ActiveCfg = Debug|Any CPU
		{568305FC-2CFA-4891-A2F2-99906A080B9E}.Debug|Any CPU.Build.0 = Debug|Any CPU
		{568305FC-2CFA-4891-A2F2-99906A080B9E}.Release|Any CPU.ActiveCfg = Release|Any CPU
		{568305FC-2CFA-4891-A2F2-99906A080B9E}.Release|Any CPU.Build.0 = Release|Any CPU
	EndGlobalSection
	GlobalSection(SolutionProperties) = preSolution
		HideSolutionNode = FALSE
	EndGlobalSection
	GlobalSection(ExtensibilityGlobals) = postSolution
		SolutionGuid = {1AE5E1F9-50AC-4BC1-B571-47C58C56C148}
	EndGlobalSection
EndGlobal
