
Microsoft Visual Studio Solution File, Format Version 12.00
# Visual Studio Version 17
VisualStudioVersion = 17.3.32819.101
MinimumVisualStudioVersion = 10.0.40219.1
Project("{FAE04EC0-301F-11D3-BF4B-00C04F79EFBC}") = "KÜTÜPHANE", "KÜTÜPHANE\KÜTÜPHANE.csproj", "{DA0B6EDE-95A1-4B5F-8348-7D6930256445}"
EndProject
Global
	GlobalSection(SolutionConfigurationPlatforms) = preSolution
		Debug|Any CPU = Debug|Any CPU
		Release|Any CPU = Release|Any CPU
	EndGlobalSection
	GlobalSection(ProjectConfigurationPlatforms) = postSolution
		{DA0B6EDE-95A1-4B5F-8348-7D6930256445}.Debug|Any CPU.ActiveCfg = Debug|Any CPU
		{DA0B6EDE-95A1-4B5F-8348-7D6930256445}.Debug|Any CPU.Build.0 = Debug|Any CPU
		{DA0B6EDE-95A1-4B5F-8348-7D6930256445}.Release|Any CPU.ActiveCfg = Release|Any CPU
		{DA0B6EDE-95A1-4B5F-8348-7D6930256445}.Release|Any CPU.Build.0 = Release|Any CPU
	EndGlobalSection
	GlobalSection(SolutionProperties) = preSolution
		HideSolutionNode = FALSE
	EndGlobalSection
	GlobalSection(ExtensibilityGlobals) = postSolution
		SolutionGuid = {446BF30F-3A31-4127-89AA-3DD994402F88}
	EndGlobalSection
EndGlobal
